
Microsoft Visual Studio Solution File, Format Version 12.00
# Visual Studio 2012
Project("{FAE04EC0-301F-11D3-BF4B-00C04F79EFBC}") = "PageAutomation", "GooglePageAutomation\PageAutomation.csproj", "{9976CF01-66C1-495C-A0C1-C3C09F72E923}"
EndProject
Global
	GlobalSection(SolutionConfigurationPlatforms) = preSolution
		Debug|Any CPU = Debug|Any CPU
		Release|Any CPU = Release|Any CPU
	EndGlobalSection
	GlobalSection(ProjectConfigurationPlatforms) = postSolution
		{9976CF01-66C1-495C-A0C1-C3C09F72E923}.Debug|Any CPU.ActiveCfg = Debug|Any CPU
		{9976CF01-66C1-495C-A0C1-C3C09F72E923}.Debug|Any CPU.Build.0 = Debug|Any CPU
		{9976CF01-66C1-495C-A0C1-C3C09F72E923}.Release|Any CPU.ActiveCfg = Release|Any CPU
		{9976CF01-66C1-495C-A0C1-C3C09F72E923}.Release|Any CPU.Build.0 = Release|Any CPU
	EndGlobalSection
	GlobalSection(SolutionProperties) = preSolution
		HideSolutionNode = FALSE
	EndGlobalSection
EndGlobal
